
Microsoft Visual Studio Solution File, Format Version 12.00
# Visual Studio Version 17
VisualStudioVersion = 17.7.34024.191
MinimumVisualStudioVersion = 10.0.40219.1
Project("{FAE04EC0-301F-11D3-BF4B-00C04F79EFBC}") = "Assignment5", "Assignment5\Assignment5.csproj", "{92D9023B-C5A5-4B1C-B14B-B7EA3CFD0A03}"
EndProject
Project("{9A19103F-16F7-4668-BE54-9A1E7A4F7556}") = "Assignment1.1", "..\Assidnment1\Assidnment1\Assignment1.1.csproj", "{B9FE98D1-A449-4725-BD0C-4349899EB9A1}"
EndProject
Global
	GlobalSection(SolutionConfigurationPlatforms) = preSolution
		Debug|Any CPU = Debug|Any CPU
		Release|Any CPU = Release|Any CPU
	EndGlobalSection
	GlobalSection(ProjectConfigurationPlatforms) = postSolution
		{92D9023B-C5A5-4B1C-B14B-B7EA3CFD0A03}.Debug|Any CPU.ActiveCfg = Debug|Any CPU
		{92D9023B-C5A5-4B1C-B14B-B7EA3CFD0A03}.Debug|Any CPU.Build.0 = Debug|Any CPU
		{92D9023B-C5A5-4B1C-B14B-B7EA3CFD0A03}.Release|Any CPU.ActiveCfg = Release|Any CPU
		{92D9023B-C5A5-4B1C-B14B-B7EA3CFD0A03}.Release|Any CPU.Build.0 = Release|Any CPU
		{B9FE98D1-A449-4725-BD0C-4349899EB9A1}.Debug|Any CPU.ActiveCfg = Debug|Any CPU
		{B9FE98D1-A449-4725-BD0C-4349899EB9A1}.Debug|Any CPU.Build.0 = Debug|Any CPU
		{B9FE98D1-A449-4725-BD0C-4349899EB9A1}.Release|Any CPU.ActiveCfg = Release|Any CPU
		{B9FE98D1-A449-4725-BD0C-4349899EB9A1}.Release|Any CPU.Build.0 = Release|Any CPU
	EndGlobalSection
	GlobalSection(SolutionProperties) = preSolution
		HideSolutionNode = FALSE
	EndGlobalSection
	GlobalSection(ExtensibilityGlobals) = postSolution
		SolutionGuid = {91B6D839-0E79-4F53-B52B-0DB0C85EF56A}
	EndGlobalSection
EndGlobal
